
Microsoft Visual Studio Solution File, Format Version 12.00
# Visual Studio Version 16
VisualStudioVersion = 16.0.31702.278
MinimumVisualStudioVersion = 10.0.40219.1
Project("{FAE04EC0-301F-11D3-BF4B-00C04F79EFBC}") = "AppWebIni", "AppWebIni\AppWebIni.csproj", "{F20AEC32-2D42-40EB-85C1-DCD6E0A433A7}"
EndProject
Global
	GlobalSection(SolutionConfigurationPlatforms) = preSolution
		Debug|Any CPU = Debug|Any CPU
		Release|Any CPU = Release|Any CPU
	EndGlobalSection
	GlobalSection(ProjectConfigurationPlatforms) = postSolution
		{F20AEC32-2D42-40EB-85C1-DCD6E0A433A7}.Debug|Any CPU.ActiveCfg = Debug|Any CPU
		{F20AEC32-2D42-40EB-85C1-DCD6E0A433A7}.Debug|Any CPU.Build.0 = Debug|Any CPU
		{F20AEC32-2D42-40EB-85C1-DCD6E0A433A7}.Release|Any CPU.ActiveCfg = Release|Any CPU
		{F20AEC32-2D42-40EB-85C1-DCD6E0A433A7}.Release|Any CPU.Build.0 = Release|Any CPU
	EndGlobalSection
	GlobalSection(SolutionProperties) = preSolution
		HideSolutionNode = FALSE
	EndGlobalSection
	GlobalSection(ExtensibilityGlobals) = postSolution
		SolutionGuid = {3A4AE733-3BF4-4C6E-89BA-941BF3677EE7}
	EndGlobalSection
EndGlobal
